// !$*UTF8*$!
{
	archiveVersion = 1;
	classes = {
	};
	objectVersion = 46;
	objects = {

/* Begin PBXBuildFile section */
		654B755F1941FEB700A0FBEE /* CoreViewController.swift in Sources */ = {isa = PBXBuildFile; fileRef = 654B755E1941FEB700A0FBEE /* CoreViewController.swift */; };
		658CD7B5193FAFC900C10AD2 /* main.swift in Sources */ = {isa = PBXBuildFile; fileRef = 658CD7B4193FAFC900C10AD2 /* main.swift */; };
		658CD7B7193FAFC900C10AD2 /* Document.swift in Sources */ = {isa = PBXBuildFile; fileRef = 658CD7B6193FAFC900C10AD2 /* Document.swift */; };
		658CD7BA193FAFC900C10AD2 /* Document.xib in Resources */ = {isa = PBXBuildFile; fileRef = 658CD7B8193FAFC900C10AD2 /* Document.xib */; };
		658CD7BD193FAFC900C10AD2 /* Document.xcdatamodeld in Sources */ = {isa = PBXBuildFile; fileRef = 658CD7BB193FAFC900C10AD2 /* Document.xcdatamodeld */; };
		658CD7BF193FAFC900C10AD2 /* Images.xcassets in Resources */ = {isa = PBXBuildFile; fileRef = 658CD7BE193FAFC900C10AD2 /* Images.xcassets */; };
		658CD7C2193FAFC900C10AD2 /* MainMenu.xib in Resources */ = {isa = PBXBuildFile; fileRef = 658CD7C0193FAFC900C10AD2 /* MainMenu.xib */; };
		658CD7CE193FAFC900C10AD2 /* SluggerTests.swift in Sources */ = {isa = PBXBuildFile; fileRef = 658CD7CD193FAFC900C10AD2 /* SluggerTests.swift */; };
/* End PBXBuildFile section */

/* Begin PBXContainerItemProxy section */
		658CD7C8193FAFC900C10AD2 /* PBXContainerItemProxy */ = {
			isa = PBXContainerItemProxy;
			containerPortal = 658CD7A7193FAFC900C10AD2 /* Project object */;
			proxyType = 1;
			remoteGlobalIDString = 658CD7AE193FAFC900C10AD2;
			remoteInfo = Slugger;
		};
/* End PBXContainerItemProxy section */

/* Begin PBXFileReference section */
		654B755E1941FEB700A0FBEE /* CoreViewController.swift */ = {isa = PBXFileReference; fileEncoding = 4; lastKnownFileType = sourcecode.swift; path = CoreViewController.swift; sourceTree = "<group>"; };
		658CD7AF193FAFC900C10AD2 /* Slugger.app */ = {isa = PBXFileReference; explicitFileType = wrapper.application; includeInIndex = 0; path = Slugger.app; sourceTree = BUILT_PRODUCTS_DIR; };
		658CD7B3193FAFC900C10AD2 /* Info.plist */ = {isa = PBXFileReference; lastKnownFileType = text.plist.xml; path = Info.plist; sourceTree = "<group>"; };
		658CD7B4193FAFC900C10AD2 /* main.swift */ = {isa = PBXFileReference; lastKnownFileType = sourcecode.swift; path = main.swift; sourceTree = "<group>"; };
		658CD7B6193FAFC900C10AD2 /* Document.swift */ = {isa = PBXFileReference; lastKnownFileType = sourcecode.swift; path = Document.swift; sourceTree = "<group>"; };
		658CD7B9193FAFC900C10AD2 /* Base */ = {isa = PBXFileReference; lastKnownFileType = file.xib; name = Base; path = Base.lproj/Document.xib; sourceTree = "<group>"; };
		658CD7BC193FAFC900C10AD2 /* Document.xcdatamodel */ = {isa = PBXFileReference; lastKnownFileType = wrapper.xcdatamodel; path = Document.xcdatamodel; sourceTree = "<group>"; };
		658CD7BE193FAFC900C10AD2 /* Images.xcassets */ = {isa = PBXFileReference; lastKnownFileType = folder.assetcatalog; path = Images.xcassets; sourceTree = "<group>"; };
		658CD7C1193FAFC900C10AD2 /* Base */ = {isa = PBXFileReference; lastKnownFileType = file.xib; name = Base; path = Base.lproj/MainMenu.xib; sourceTree = "<group>"; };
		658CD7C7193FAFC900C10AD2 /* SluggerTests.xctest */ = {isa = PBXFileReference; explicitFileType = wrapper.cfbundle; includeInIndex = 0; path = SluggerTests.xctest; sourceTree = BUILT_PRODUCTS_DIR; };
		658CD7CC193FAFC900C10AD2 /* Info.plist */ = {isa = PBXFileReference; lastKnownFileType = text.plist.xml; path = Info.plist; sourceTree = "<group>"; };
		658CD7CD193FAFC900C10AD2 /* SluggerTests.swift */ = {isa = PBXFileReference; lastKnownFileType = sourcecode.swift; path = SluggerTests.swift; sourceTree = "<group>"; };
/* End PBXFileReference section */

/* Begin PBXFrameworksBuildPhase section */
		658CD7AC193FAFC900C10AD2 /* Frameworks */ = {
			isa = PBXFrameworksBuildPhase;
			buildActionMask = 2147483647;
			files = (
			);
			runOnlyForDeploymentPostprocessing = 0;
		};
		658CD7C4193FAFC900C10AD2 /* Frameworks */ = {
			isa = PBXFrameworksBuildPhase;
			buildActionMask = 2147483647;
			files = (
			);
			runOnlyForDeploymentPostprocessing = 0;
		};
/* End PBXFrameworksBuildPhase section */

/* Begin PBXGroup section */
		658CD7A6193FAFC900C10AD2 = {
			isa = PBXGroup;
			children = (
				658CD7B1193FAFC900C10AD2 /* Slugger */,
				658CD7CA193FAFC900C10AD2 /* SluggerTests */,
				658CD7B0193FAFC900C10AD2 /* Products */,
			);
			sourceTree = "<group>";
		};
		658CD7B0193FAFC900C10AD2 /* Products */ = {
			isa = PBXGroup;
			children = (
				658CD7AF193FAFC900C10AD2 /* Slugger.app */,
				658CD7C7193FAFC900C10AD2 /* SluggerTests.xctest */,
			);
			name = Products;
			sourceTree = "<group>";
		};
		658CD7B1193FAFC900C10AD2 /* Slugger */ = {
			isa = PBXGroup;
			children = (
				658CD7B6193FAFC900C10AD2 /* Document.swift */,
				658CD7B8193FAFC900C10AD2 /* Document.xib */,
				658CD7BE193FAFC900C10AD2 /* Images.xcassets */,
				658CD7C0193FAFC900C10AD2 /* MainMenu.xib */,
				658CD7BB193FAFC900C10AD2 /* Document.xcdatamodeld */,
				658CD7B2193FAFC900C10AD2 /* Supporting Files */,
				654B755E1941FEB700A0FBEE /* CoreViewController.swift */,
			);
			path = Slugger;
			sourceTree = "<group>";
		};
		658CD7B2193FAFC900C10AD2 /* Supporting Files */ = {
			isa = PBXGroup;
			children = (
				658CD7B3193FAFC900C10AD2 /* Info.plist */,
				658CD7B4193FAFC900C10AD2 /* main.swift */,
			);
			name = "Supporting Files";
			sourceTree = "<group>";
		};
		658CD7CA193FAFC900C10AD2 /* SluggerTests */ = {
			isa = PBXGroup;
			children = (
				658CD7CD193FAFC900C10AD2 /* SluggerTests.swift */,
				658CD7CB193FAFC900C10AD2 /* Supporting Files */,
			);
			path = SluggerTests;
			sourceTree = "<group>";
		};
		658CD7CB193FAFC900C10AD2 /* Supporting Files */ = {
			isa = PBXGroup;
			children = (
				658CD7CC193FAFC900C10AD2 /* Info.plist */,
			);
			name = "Supporting Files";
			sourceTree = "<group>";
		};
/* End PBXGroup section */

/* Begin PBXNativeTarget section */
		658CD7AE193FAFC900C10AD2 /* Slugger */ = {
			isa = PBXNativeTarget;
			buildConfigurationList = 658CD7D1193FAFC900C10AD2 /* Build configuration list for PBXNativeTarget "Slugger" */;
			buildPhases = (
				658CD7AB193FAFC900C10AD2 /* Sources */,
				658CD7AC193FAFC900C10AD2 /* Frameworks */,
				658CD7AD193FAFC900C10AD2 /* Resources */,
			);
			buildRules = (
			);
			dependencies = (
			);
			name = Slugger;
			productName = Slugger;
			productReference = 658CD7AF193FAFC900C10AD2 /* Slugger.app */;
			productType = "com.apple.product-type.application";
		};
		658CD7C6193FAFC900C10AD2 /* SluggerTests */ = {
			isa = PBXNativeTarget;
			buildConfigurationList = 658CD7D4193FAFC900C10AD2 /* Build configuration list for PBXNativeTarget "SluggerTests" */;
			buildPhases = (
				658CD7C3193FAFC900C10AD2 /* Sources */,
				658CD7C4193FAFC900C10AD2 /* Frameworks */,
				658CD7C5193FAFC900C10AD2 /* Resources */,
			);
			buildRules = (
			);
			dependencies = (
				658CD7C9193FAFC900C10AD2 /* PBXTargetDependency */,
			);
			name = SluggerTests;
			productName = SluggerTests;
			productReference = 658CD7C7193FAFC900C10AD2 /* SluggerTests.xctest */;
			productType = "com.apple.product-type.bundle.unit-test";
		};
/* End PBXNativeTarget section */

/* Begin PBXProject section */
		658CD7A7193FAFC900C10AD2 /* Project object */ = {
			isa = PBXProject;
			attributes = {
				LastUpgradeCheck = 0600;
				ORGANIZATIONNAME = "Derek Feddon";
				TargetAttributes = {
					658CD7AE193FAFC900C10AD2 = {
						CreatedOnToolsVersion = 6.0;
					};
					658CD7C6193FAFC900C10AD2 = {
						CreatedOnToolsVersion = 6.0;
						TestTargetID = 658CD7AE193FAFC900C10AD2;
					};
				};
			};
			buildConfigurationList = 658CD7AA193FAFC900C10AD2 /* Build configuration list for PBXProject "Slugger" */;
			compatibilityVersion = "Xcode 3.2";
			developmentRegion = English;
			hasScannedForEncodings = 0;
			knownRegions = (
				en,
				Base,
			);
			mainGroup = 658CD7A6193FAFC900C10AD2;
			productRefGroup = 658CD7B0193FAFC900C10AD2 /* Products */;
			projectDirPath = "";
			projectRoot = "";
			targets = (
				658CD7AE193FAFC900C10AD2 /* Slugger */,
				658CD7C6193FAFC900C10AD2 /* SluggerTests */,
			);
		};
/* End PBXProject section */

/* Begin PBXResourcesBuildPhase section */
		658CD7AD193FAFC900C10AD2 /* Resources */ = {
			isa = PBXResourcesBuildPhase;
			buildActionMask = 2147483647;
			files = (
				658CD7BA193FAFC900C10AD2 /* Document.xib in Resources */,
				658CD7BF193FAFC900C10AD2 /* Images.xcassets in Resources */,
				658CD7C2193FAFC900C10AD2 /* MainMenu.xib in Resources */,
			);
			runOnlyForDeploymentPostprocessing = 0;
		};
		658CD7C5193FAFC900C10AD2 /* Resources */ = {
			isa = PBXResourcesBuildPhase;
			buildActionMask = 2147483647;
			files = (
			);
			runOnlyForDeploymentPostprocessing = 0;
		};
/* End PBXResourcesBuildPhase section */

/* Begin PBXSourcesBuildPhase section */
		658CD7AB193FAFC900C10AD2 /* Sources */ = {
			isa = PBXSourcesBuildPhase;
			buildActionMask = 2147483647;
			files = (
				658CD7BD193FAFC900C10AD2 /* Document.xcdatamodeld in Sources */,
				658CD7B7193FAFC900C10AD2 /* Document.swift in Sources */,
				658CD7B5193FAFC900C10AD2 /* main.swift in Sources */,
				654B755F1941FEB700A0FBEE /* CoreViewController.swift in Sources */,
			);
			runOnlyForDeploymentPostprocessing = 0;
		};
		658CD7C3193FAFC900C10AD2 /* Sources */ = {
			isa = PBXSourcesBuildPhase;
			buildActionMask = 2147483647;
			files = (
				658CD7CE193FAFC900C10AD2 /* SluggerTests.swift in Sources */,
			);
			runOnlyForDeploymentPostprocessing = 0;
		};
/* End PBXSourcesBuildPhase section */

/* Begin PBXTargetDependency section */
		658CD7C9193FAFC900C10AD2 /* PBXTargetDependency */ = {
			isa = PBXTargetDependency;
			target = 658CD7AE193FAFC900C10AD2 /* Slugger */;
			targetProxy = 658CD7C8193FAFC900C10AD2 /* PBXContainerItemProxy */;
		};
/* End PBXTargetDependency section */

/* Begin PBXVariantGroup section */
		658CD7B8193FAFC900C10AD2 /* Document.xib */ = {
			isa = PBXVariantGroup;
			children = (
				658CD7B9193FAFC900C10AD2 /* Base */,
			);
			name = Document.xib;
			sourceTree = "<group>";
		};
		658CD7C0193FAFC900C10AD2 /* MainMenu.xib */ = {
			isa = PBXVariantGroup;
			children = (
				658CD7C1193FAFC900C10AD2 /* Base */,
			);
			name = MainMenu.xib;
			sourceTree = "<group>";
		};
/* End PBXVariantGroup section */

/* Begin XCBuildConfiguration section */
		658CD7CF193FAFC900C10AD2 /* Debug */ = {
			isa = XCBuildConfiguration;
			buildSettings = {
				ALWAYS_SEARCH_USER_PATHS = NO;
				CLANG_CXX_LANGUAGE_STANDARD = "gnu++0x";
				CLANG_CXX_LIBRARY = "libc++";
				CLANG_ENABLE_MODULES = YES;
				CLANG_ENABLE_OBJC_ARC = YES;
				CLANG_WARN_BOOL_CONVERSION = YES;
				CLANG_WARN_CONSTANT_CONVERSION = YES;
				CLANG_WARN_DIRECT_OBJC_ISA_USAGE = YES_ERROR;
				CLANG_WARN_EMPTY_BODY = YES;
				CLANG_WARN_ENUM_CONVERSION = YES;
				CLANG_WARN_INT_CONVERSION = YES;
				CLANG_WARN_OBJC_ROOT_CLASS = YES_ERROR;
				CLANG_WARN_UNREACHABLE_CODE = YES;
				CLANG_WARN__DUPLICATE_METHOD_MATCH = YES;
				CODE_SIGN_IDENTITY = "-";
				COPY_PHASE_STRIP = NO;
				ENABLE_STRICT_OBJC_MSGSEND = YES;
				GCC_C_LANGUAGE_STANDARD = gnu99;
				GCC_DYNAMIC_NO_PIC = NO;
				GCC_OPTIMIZATION_LEVEL = 0;
				GCC_PREPROCESSOR_DEFINITIONS = (
					"DEBUG=1",
					"$(inherited)",
				);
				GCC_SYMBOLS_PRIVATE_EXTERN = NO;
				GCC_WARN_64_TO_32_BIT_CONVERSION = YES;
				GCC_WARN_ABOUT_RETURN_TYPE = YES_ERROR;
				GCC_WARN_UNDECLARED_SELECTOR = YES;
				GCC_WARN_UNINITIALIZED_AUTOS = YES_AGGRESSIVE;
				GCC_WARN_UNUSED_FUNCTION = YES;
				GCC_WARN_UNUSED_VARIABLE = YES;
				MACOSX_DEPLOYMENT_TARGET = 10.9;
				METAL_ENABLE_DEBUG_INFO = YES;
				ONLY_ACTIVE_ARCH = YES;
				SDKROOT = macosx;
				SWIFT_OPTIMIZATION_LEVEL = "-Onone";
			};
			name = Debug;
		};
		658CD7D0193FAFC900C10AD2 /* Release */ = {
			isa = XCBuildConfiguration;
			buildSettings = {
				ALWAYS_SEARCH_USER_PATHS = NO;
				CLANG_CXX_LANGUAGE_STANDARD = "gnu++0x";
				CLANG_CXX_LIBRARY = "libc++";
				CLANG_ENABLE_MODULES = YES;
				CLANG_ENABLE_OBJC_ARC = YES;
				CLANG_WARN_BOOL_CONVERSION = YES;
				CLANG_WARN_CONSTANT_CONVERSION = YES;
				CLANG_WARN_DIRECT_OBJC_ISA_USAGE = YES_ERROR;
				CLANG_WARN_EMPTY_BODY = YES;
				CLANG_WARN_ENUM_CONVERSION = YES;
				CLANG_WARN_INT_CONVERSION = YES;
				CLANG_WARN_OBJC_ROOT_CLASS = YES_ERROR;
				CLANG_WARN_UNREACHABLE_CODE = YES;
				CLANG_WARN__DUPLICATE_METHOD_MATCH = YES;
				CODE_SIGN_IDENTITY = "-";
				COPY_PHASE_STRIP = YES;
				DEBUG_INFORMATION_FORMAT = "dwarf-with-dsym";
				ENABLE_NS_ASSERTIONS = NO;
				ENABLE_STRICT_OBJC_MSGSEND = YES;
				GCC_C_LANGUAGE_STANDARD = gnu99;
				GCC_WARN_64_TO_32_BIT_CONVERSION = YES;
				GCC_WARN_ABOUT_RETURN_TYPE = YES_ERROR;
				GCC_WARN_UNDECLARED_SELECTOR = YES;
				GCC_WARN_UNINITIALIZED_AUTOS = YES_AGGRESSIVE;
				GCC_WARN_UNUSED_FUNCTION = YES;
				GCC_WARN_UNUSED_VARIABLE = YES;
				MACOSX_DEPLOYMENT_TARGET = 10.9;
				METAL_ENABLE_DEBUG_INFO = NO;
				SDKROOT = macosx;
			};
			name = Release;
		};
		658CD7D2193FAFC900C10AD2 /* Debug */ = {
			isa = XCBuildConfiguration;
			buildSettings = {
				ASSETCATALOG_COMPILER_APPICON_NAME = AppIcon;
				COMBINE_HIDPI_IMAGES = YES;
				INFOPLIST_FILE = Slugger/Info.plist;
				LD_RUNPATH_SEARCH_PATHS = "$(inherited) @executable_path/../Frameworks";
				PRODUCT_NAME = "$(TARGET_NAME)";
			};
			name = Debug;
		};
		658CD7D3193FAFC900C10AD2 /* Release */ = {
			isa = XCBuildConfiguration;
			buildSettings = {
				ASSETCATALOG_COMPILER_APPICON_NAME = AppIcon;
				COMBINE_HIDPI_IMAGES = YES;
				INFOPLIST_FILE = Slugger/Info.plist;
				LD_RUNPATH_SEARCH_PATHS = "$(inherited) @executable_path/../Frameworks";
				PRODUCT_NAME = "$(TARGET_NAME)";
			};
			name = Release;
		};
		658CD7D5193FAFC900C10AD2 /* Debug */ = {
			isa = XCBuildConfiguration;
			buildSettings = {
				BUNDLE_LOADER = "$(BUILT_PRODUCTS_DIR)/Slugger.app/Contents/MacOS/Slugger";
				COMBINE_HIDPI_IMAGES = YES;
				FRAMEWORK_SEARCH_PATHS = (
					"$(DEVELOPER_FRAMEWORKS_DIR)",
					"$(inherited)",
				);
				GCC_PREPROCESSOR_DEFINITIONS = (
					"DEBUG=1",
					"$(inherited)",
				);
				INFOPLIST_FILE = SluggerTests/Info.plist;
				LD_RUNPATH_SEARCH_PATHS = "$(inherited) @executable_path/../Frameworks @loader_path/../Frameworks";
				METAL_ENABLE_DEBUG_INFO = YES;
				PRODUCT_NAME = "$(TARGET_NAME)";
				TEST_HOST = "$(BUNDLE_LOADER)";
			};
			name = Debug;
		};
		658CD7D6193FAFC900C10AD2 /* Release */ = {
			isa = XCBuildConfiguration;
			buildSettings = {
				BUNDLE_LOADER = "$(BUILT_PRODUCTS_DIR)/Slugger.app/Contents/MacOS/Slugger";
				COMBINE_HIDPI_IMAGES = YES;
				FRAMEWORK_SEARCH_PATHS = (
					"$(DEVELOPER_FRAMEWORKS_DIR)",
					"$(inherited)",
				);
				INFOPLIST_FILE = SluggerTests/Info.plist;
				LD_RUNPATH_SEARCH_PATHS = "$(inherited) @executable_path/../Frameworks @loader_path/../Frameworks";
				METAL_ENABLE_DEBUG_INFO = NO;
				PRODUCT_NAME = "$(TARGET_NAME)";
				TEST_HOST = "$(BUNDLE_LOADER)";
			};
			name = Release;
		};
/* End XCBuildConfiguration section */

/* Begin XCConfigurationList section */
		658CD7AA193FAFC900C10AD2 /* Build configuration list for PBXProject "Slugger" */ = {
			isa = XCConfigurationList;
			buildConfigurations = (
				658CD7CF193FAFC900C10AD2 /* Debug */,
				658CD7D0193FAFC900C10AD2 /* Release */,
			);
			defaultConfigurationIsVisible = 0;
			defaultConfigurationName = Release;
		};
		658CD7D1193FAFC900C10AD2 /* Build configuration list for PBXNativeTarget "Slugger" */ = {
			isa = XCConfigurationList;
			buildConfigurations = (
				658CD7D2193FAFC900C10AD2 /* Debug */,
				658CD7D3193FAFC900C10AD2 /* Release */,
			);
			defaultConfigurationIsVisible = 0;
			defaultConfigurationName = Release;
		};
		658CD7D4193FAFC900C10AD2 /* Build configuration list for PBXNativeTarget "SluggerTests" */ = {
			isa = XCConfigurationList;
			buildConfigurations = (
				658CD7D5193FAFC900C10AD2 /* Debug */,
				658CD7D6193FAFC900C10AD2 /* Release */,
			);
			defaultConfigurationIsVisible = 0;
			defaultConfigurationName = Release;
		};
/* End XCConfigurationList section */

/* Begin XCVersionGroup section */
		658CD7BB193FAFC900C10AD2 /* Document.xcdatamodeld */ = {
			isa = XCVersionGroup;
			children = (
				658CD7BC193FAFC900C10AD2 /* Document.xcdatamodel */,
			);
			currentVersion = 658CD7BC193FAFC900C10AD2 /* Document.xcdatamodel */;
			path = Document.xcdatamodeld;
			sourceTree = "<group>";
			versionGroupType = wrapper.xcdatamodel;
		};
/* End XCVersionGroup section */
	};
	rootObject = 658CD7A7193FAFC900C10AD2 /* Project object */;
}
